{
  "name": "contracts",
  "version": "1.0.0",
  "lockfileVersion": 3,
  "requires": true,
  "packages": {
    "": {
      "name": "contracts",
      "version": "1.0.0",
      "license": "ISC",
      "dependencies": {
        "@fhenixprotocol/cofhe-contracts": "^0.0.13",
        "cofhe-foundry-mocks": "github:fhenixprotocol/cofhe-foundry-mocks"
      }
    },
    "node_modules/@fhenixprotocol/cofhe-contracts": {
      "version": "0.0.13",
      "resolved": "https://registry.npmjs.org/@fhenixprotocol/cofhe-contracts/-/cofhe-contracts-0.0.13.tgz",
      "integrity": "sha512-+lHo5v52fR7QfQj2ottDw4F/AqZg6obPBRqvK576SJatX3o4aH6ZSt2kxNb5kT8Ckthjw6FoNmLdUVCDpP400w==",
      "dependencies": {
        "@openzeppelin/contracts": "^5.0.0"
      }
    },
    "node_modules/@openzeppelin/contracts": {
      "version": "5.6.1",
      "resolved": "https://registry.npmjs.org/@openzeppelin/contracts/-/contracts-5.6.1.tgz",
      "integrity": "sha512-Ly6SlsVJ3mj+b18W3R8gNufB7dTICT105fJhodGAGgyC2oqnBAhqSiNDJ8V8DLY05cCz81GLI0CU5vNYA1EC/w==",
      "license": "MIT"
    },
    "node_modules/@openzeppelin/contracts-upgradeable": {
      "version": "5.6.1",
      "resolved": "https://registry.npmjs.org/@openzeppelin/contracts-upgradeable/-/contracts-upgradeable-5.6.1.tgz",
      "integrity": "sha512-n4a/vfRs114lXyUdYg7pyY8LvFKWvCDF5lEcRRAVxap8g6ZEdLqm+9tmt2zTtRHcNMxTYp9y5t6KBof4tHp7Og==",
      "license": "MIT",
      "peerDependencies": {
        "@openzeppelin/contracts": "5.6.1"
      }
    },
    "node_modules/cofhe-foundry-mocks": {
      "name": "@fhenixprotocol/cofhe-foundry-mocks",
      "version": "0.1.3",
      "resolved": "git+ssh://git@github.com/fhenixprotocol/cofhe-foundry-mocks.git#cf76c73883f38c0451a4f001889937170b839ef9",
      "license": "MIT",
      "dependencies": {
        "@fhenixprotocol/cofhe-contracts": "0.0.13",
        "@openzeppelin/contracts": "^5.0.0",
        "@openzeppelin/contracts-upgradeable": "^5.0.0",
        "forge-std": "github:foundry-rs/forge-std"
      }
    },
    "node_modules/forge-std": {
      "version": "1.15.0",
      "resolved": "git+ssh://git@github.com/foundry-rs/forge-std.git#04ee608913e6c334973649b2b1a2976260647c1b",
      "license": "(Apache-2.0 OR MIT)"
    }
  }
}
